
Microsoft Visual Studio Solution File, Format Version 12.00
# Visual Studio Version 16
VisualStudioVersion = 25.0.1706.4
MinimumVisualStudioVersion = 10.0.40219.1
Project("{FAE04EC0-301F-11D3-BF4B-00C04F79EFBC}") = "example1", "example1\example1.csproj", "{D825B047-B080-4116-9EB5-D028008E055F}"
EndProject
Global
	GlobalSection(SolutionConfigurationPlatforms) = preSolution
		Debug|Any CPU = Debug|Any CPU
		Release|Any CPU = Release|Any CPU
	EndGlobalSection
	GlobalSection(ProjectConfigurationPlatforms) = postSolution
		{D825B047-B080-4116-9EB5-D028008E055F}.Debug|Any CPU.ActiveCfg = Debug|Any CPU
		{D825B047-B080-4116-9EB5-D028008E055F}.Debug|Any CPU.Build.0 = Debug|Any CPU
		{D825B047-B080-4116-9EB5-D028008E055F}.Release|Any CPU.ActiveCfg = Release|Any CPU
		{D825B047-B080-4116-9EB5-D028008E055F}.Release|Any CPU.Build.0 = Release|Any CPU
	EndGlobalSection
	GlobalSection(SolutionProperties) = preSolution
		HideSolutionNode = FALSE
	EndGlobalSection
	GlobalSection(ExtensibilityGlobals) = postSolution
		SolutionGuid = {2C4EF970-B577-4ECB-B359-BF84B00A49D5}
	EndGlobalSection
EndGlobal
